// !$*UTF8*$!
{
	archiveVersion = 1;
	classes = {
	};
	objectVersion = 56;
	objects = {

/* Begin PBXBuildFile section */
		0B9163F92B01529E005A7E10 /* AppDelegate.swift in Sources */ = {isa = PBXBuildFile; fileRef = 0B9163F82B01529E005A7E10 /* AppDelegate.swift */; };
		0B9163FB2B01529E005A7E10 /* SceneDelegate.swift in Sources */ = {isa = PBXBuildFile; fileRef = 0B9163FA2B01529E005A7E10 /* SceneDelegate.swift */; };
		0B9163FD2B01529E005A7E10 /* ViewController.swift in Sources */ = {isa = PBXBuildFile; fileRef = 0B9163FC2B01529E005A7E10 /* ViewController.swift */; };
		0B9164002B01529E005A7E10 /* Main.storyboard in Resources */ = {isa = PBXBuildFile; fileRef = 0B9163FE2B01529E005A7E10 /* Main.storyboard */; };
		0B9164022B0152A0005A7E10 /* Assets.xcassets in Resources */ = {isa = PBXBuildFile; fileRef = 0B9164012B0152A0005A7E10 /* Assets.xcassets */; };
		0B9164052B0152A0005A7E10 /* LaunchScreen.storyboard in Resources */ = {isa = PBXBuildFile; fileRef = 0B9164032B0152A0005A7E10 /* LaunchScreen.storyboard */; };
		0B91640D2B0152BA005A7E10 /* Quote.swift in Sources */ = {isa = PBXBuildFile; fileRef = 0B91640C2B0152BA005A7E10 /* Quote.swift */; };
		0B91640F2B0152D3005A7E10 /* fetchQuotes.swift in Sources */ = {isa = PBXBuildFile; fileRef = 0B91640E2B0152D3005A7E10 /* fetchQuotes.swift */; };
		0B9164122B0158F1005A7E10 /* like.gif in Resources */ = {isa = PBXBuildFile; fileRef = 0B9164112B0158F1005A7E10 /* like.gif */; };
		0B9164142B0158FE005A7E10 /* love.gif in Resources */ = {isa = PBXBuildFile; fileRef = 0B9164132B0158FD005A7E10 /* love.gif */; };
/* End PBXBuildFile section */

/* Begin PBXFileReference section */
		0B9163F52B01529E005A7E10 /* InspirationalQuotes.app */ = {isa = PBXFileReference; explicitFileType = wrapper.application; includeInIndex = 0; path = InspirationalQuotes.app; sourceTree = BUILT_PRODUCTS_DIR; };
		0B9163F82B01529E005A7E10 /* AppDelegate.swift */ = {isa = PBXFileReference; lastKnownFileType = sourcecode.swift; path = AppDelegate.swift; sourceTree = "<group>"; };
		0B9163FA2B01529E005A7E10 /* SceneDelegate.swift */ = {isa = PBXFileReference; lastKnownFileType = sourcecode.swift; path = SceneDelegate.swift; sourceTree = "<group>"; };
		0B9163FC2B01529E005A7E10 /* ViewController.swift */ = {isa = PBXFileReference; lastKnownFileType = sourcecode.swift; path = ViewController.swift; sourceTree = "<group>"; };
		0B9163FF2B01529E005A7E10 /* Base */ = {isa = PBXFileReference; lastKnownFileType = file.storyboard; name = Base; path = Base.lproj/Main.storyboard; sourceTree = "<group>"; };
		0B9164012B0152A0005A7E10 /* Assets.xcassets */ = {isa = PBXFileReference; lastKnownFileType = folder.assetcatalog; path = Assets.xcassets; sourceTree = "<group>"; };
		0B9164042B0152A0005A7E10 /* Base */ = {isa = PBXFileReference; lastKnownFileType = file.storyboard; name = Base; path = Base.lproj/LaunchScreen.storyboard; sourceTree = "<group>"; };
		0B9164062B0152A0005A7E10 /* Info.plist */ = {isa = PBXFileReference; lastKnownFileType = text.plist.xml; path = Info.plist; sourceTree = "<group>"; };
		0B91640C2B0152BA005A7E10 /* Quote.swift */ = {isa = PBXFileReference; lastKnownFileType = sourcecode.swift; path = Quote.swift; sourceTree = "<group>"; };
		0B91640E2B0152D3005A7E10 /* fetchQuotes.swift */ = {isa = PBXFileReference; lastKnownFileType = sourcecode.swift; path = fetchQuotes.swift; sourceTree = "<group>"; };
		0B9164112B0158F1005A7E10 /* like.gif */ = {isa = PBXFileReference; lastKnownFileType = image.gif; name = like.gif; path = ../../../like.gif; sourceTree = "<group>"; };
		0B9164132B0158FD005A7E10 /* love.gif */ = {isa = PBXFileReference; lastKnownFileType = image.gif; name = love.gif; path = ../../../love.gif; sourceTree = "<group>"; };
/* End PBXFileReference section */

/* Begin PBXFrameworksBuildPhase section */
		0B9163F22B01529E005A7E10 /* Frameworks */ = {
			isa = PBXFrameworksBuildPhase;
			buildActionMask = 2147483647;
			files = (
			);
			runOnlyForDeploymentPostprocessing = 0;
		};
/* End PBXFrameworksBuildPhase section */

/* Begin PBXGroup section */
		0B9163EC2B01529E005A7E10 = {
			isa = PBXGroup;
			children = (
				0B9163F72B01529E005A7E10 /* InspirationalQuotes */,
				0B9163F62B01529E005A7E10 /* Products */,
			);
			sourceTree = "<group>";
		};
		0B9163F62B01529E005A7E10 /* Products */ = {
			isa = PBXGroup;
			children = (
				0B9163F52B01529E005A7E10 /* InspirationalQuotes.app */,
			);
			name = Products;
			sourceTree = "<group>";
		};
		0B9163F72B01529E005A7E10 /* InspirationalQuotes */ = {
			isa = PBXGroup;
			children = (
				0B9164102B015875005A7E10 /* GIFS */,
				0B9163F82B01529E005A7E10 /* AppDelegate.swift */,
				0B9163FA2B01529E005A7E10 /* SceneDelegate.swift */,
				0B9163FC2B01529E005A7E10 /* ViewController.swift */,
				0B91640C2B0152BA005A7E10 /* Quote.swift */,
				0B91640E2B0152D3005A7E10 /* fetchQuotes.swift */,
				0B9163FE2B01529E005A7E10 /* Main.storyboard */,
				0B9164012B0152A0005A7E10 /* Assets.xcassets */,
				0B9164032B0152A0005A7E10 /* LaunchScreen.storyboard */,
				0B9164062B0152A0005A7E10 /* Info.plist */,
			);
			path = InspirationalQuotes;
			sourceTree = "<group>";
		};
		0B9164102B015875005A7E10 /* GIFS */ = {
			isa = PBXGroup;
			children = (
				0B9164132B0158FD005A7E10 /* love.gif */,
				0B9164112B0158F1005A7E10 /* like.gif */,
			);
			path = GIFS;
			sourceTree = "<group>";
		};
/* End PBXGroup section */

/* Begin PBXNativeTarget section */
		0B9163F42B01529E005A7E10 /* InspirationalQuotes */ = {
			isa = PBXNativeTarget;
			buildConfigurationList = 0B9164092B0152A0005A7E10 /* Build configuration list for PBXNativeTarget "InspirationalQuotes" */;
			buildPhases = (
				0B9163F12B01529E005A7E10 /* Sources */,
				0B9163F22B01529E005A7E10 /* Frameworks */,
				0B9163F32B01529E005A7E10 /* Resources */,
			);
			buildRules = (
			);
			dependencies = (
			);
			name = InspirationalQuotes;
			productName = InspirationalQuotes;
			productReference = 0B9163F52B01529E005A7E10 /* InspirationalQuotes.app */;
			productType = "com.apple.product-type.application";
		};
/* End PBXNativeTarget section */

/* Begin PBXProject section */
		0B9163ED2B01529E005A7E10 /* Project object */ = {
			isa = PBXProject;
			attributes = {
				BuildIndependentTargetsInParallel = 1;
				LastSwiftUpdateCheck = 1500;
				LastUpgradeCheck = 1500;
				TargetAttributes = {
					0B9163F42B01529E005A7E10 = {
						CreatedOnToolsVersion = 15.0.1;
					};
				};
			};
			buildConfigurationList = 0B9163F02B01529E005A7E10 /* Build configuration list for PBXProject "InspirationalQuotes" */;
			compatibilityVersion = "Xcode 14.0";
			developmentRegion = en;
			hasScannedForEncodings = 0;
			knownRegions = (
				en,
				Base,
			);
			mainGroup = 0B9163EC2B01529E005A7E10;
			productRefGroup = 0B9163F62B01529E005A7E10 /* Products */;
			projectDirPath = "";
			projectRoot = "";
			targets = (
				0B9163F42B01529E005A7E10 /* InspirationalQuotes */,
			);
		};
/* End PBXProject section */

/* Begin PBXResourcesBuildPhase section */
		0B9163F32B01529E005A7E10 /* Resources */ = {
			isa = PBXResourcesBuildPhase;
			buildActionMask = 2147483647;
			files = (
				0B9164052B0152A0005A7E10 /* LaunchScreen.storyboard in Resources */,
				0B9164122B0158F1005A7E10 /* like.gif in Resources */,
				0B9164142B0158FE005A7E10 /* love.gif in Resources */,
				0B9164022B0152A0005A7E10 /* Assets.xcassets in Resources */,
				0B9164002B01529E005A7E10 /* Main.storyboard in Resources */,
			);
			runOnlyForDeploymentPostprocessing = 0;
		};
/* End PBXResourcesBuildPhase section */

/* Begin PBXSourcesBuildPhase section */
		0B9163F12B01529E005A7E10 /* Sources */ = {
			isa = PBXSourcesBuildPhase;
			buildActionMask = 2147483647;
			files = (
				0B91640D2B0152BA005A7E10 /* Quote.swift in Sources */,
				0B9163FD2B01529E005A7E10 /* ViewController.swift in Sources */,
				0B91640F2B0152D3005A7E10 /* fetchQuotes.swift in Sources */,
				0B9163F92B01529E005A7E10 /* AppDelegate.swift in Sources */,
				0B9163FB2B01529E005A7E10 /* SceneDelegate.swift in Sources */,
			);
			runOnlyForDeploymentPostprocessing = 0;
		};
/* End PBXSourcesBuildPhase section */

/* Begin PBXVariantGroup section */
		0B9163FE2B01529E005A7E10 /* Main.storyboard */ = {
			isa = PBXVariantGroup;
			children = (
				0B9163FF2B01529E005A7E10 /* Base */,
			);
			name = Main.storyboard;
			sourceTree = "<group>";
		};
		0B9164032B0152A0005A7E10 /* LaunchScreen.storyboard */ = {
			isa = PBXVariantGroup;
			children = (
				0B9164042B0152A0005A7E10 /* Base */,
			);
			name = LaunchScreen.storyboard;
			sourceTree = "<group>";
		};
/* End PBXVariantGroup section */

/* Begin XCBuildConfiguration section */
		0B9164072B0152A0005A7E10 /* Debug */ = {
			isa = XCBuildConfiguration;
			buildSettings = {
				ALWAYS_SEARCH_USER_PATHS = NO;
				ASSETCATALOG_COMPILER_GENERATE_SWIFT_ASSET_SYMBOL_EXTENSIONS = YES;
				CLANG_ANALYZER_NONNULL = YES;
				CLANG_ANALYZER_NUMBER_OBJECT_CONVERSION = YES_AGGRESSIVE;
				CLANG_CXX_LANGUAGE_STANDARD = "gnu++20";
				CLANG_ENABLE_MODULES = YES;
				CLANG_ENABLE_OBJC_ARC = YES;
				CLANG_ENABLE_OBJC_WEAK = YES;
				CLANG_WARN_BLOCK_CAPTURE_AUTORELEASING = YES;
				CLANG_WARN_BOOL_CONVERSION = YES;
				CLANG_WARN_COMMA = YES;
				CLANG_WARN_CONSTANT_CONVERSION = YES;
				CLANG_WARN_DEPRECATED_OBJC_IMPLEMENTATIONS = YES;
				CLANG_WARN_DIRECT_OBJC_ISA_USAGE = YES_ERROR;
				CLANG_WARN_DOCUMENTATION_COMMENTS = YES;
				CLANG_WARN_EMPTY_BODY = YES;
				CLANG_WARN_ENUM_CONVERSION = YES;
				CLANG_WARN_INFINITE_RECURSION = YES;
				CLANG_WARN_INT_CONVERSION = YES;
				CLANG_WARN_NON_LITERAL_NULL_CONVERSION = YES;
				CLANG_WARN_OBJC_IMPLICIT_RETAIN_SELF = YES;
				CLANG_WARN_OBJC_LITERAL_CONVERSION = YES;
				CLANG_WARN_OBJC_ROOT_CLASS = YES_ERROR;
				CLANG_WARN_QUOTED_INCLUDE_IN_FRAMEWORK_HEADER = YES;
				CLANG_WARN_RANGE_LOOP_ANALYSIS = YES;
				CLANG_WARN_STRICT_PROTOTYPES = YES;
				CLANG_WARN_SUSPICIOUS_MOVE = YES;
				CLANG_WARN_UNGUARDED_AVAILABILITY = YES_AGGRESSIVE;
				CLANG_WARN_UNREACHABLE_CODE = YES;
				CLANG_WARN__DUPLICATE_METHOD_MATCH = YES;
				COPY_PHASE_STRIP = NO;
				DEBUG_INFORMATION_FORMAT = dwarf;
				ENABLE_STRICT_OBJC_MSGSEND = YES;
				ENABLE_TESTABILITY = YES;
				ENABLE_USER_SCRIPT_SANDBOXING = YES;
				GCC_C_LANGUAGE_STANDARD = gnu17;
				GCC_DYNAMIC_NO_PIC = NO;
				GCC_NO_COMMON_BLOCKS = YES;
				GCC_OPTIMIZATION_LEVEL = 0;
				GCC_PREPROCESSOR_DEFINITIONS = (
					"DEBUG=1",
					"$(inherited)",
				);
				GCC_WARN_64_TO_32_BIT_CONVERSION = YES;
				GCC_WARN_ABOUT_RETURN_TYPE = YES_ERROR;
				GCC_WARN_UNDECLARED_SELECTOR = YES;
				GCC_WARN_UNINITIALIZED_AUTOS = YES_AGGRESSIVE;
				GCC_WARN_UNUSED_FUNCTION = YES;
				GCC_WARN_UNUSED_VARIABLE = YES;
				IPHONEOS_DEPLOYMENT_TARGET = 17.0;
				LOCALIZATION_PREFERS_STRING_CATALOGS = YES;
				MTL_ENABLE_DEBUG_INFO = INCLUDE_SOURCE;
				MTL_FAST_MATH = YES;
				ONLY_ACTIVE_ARCH = YES;
				SDKROOT = iphoneos;
				SWIFT_ACTIVE_COMPILATION_CONDITIONS = "DEBUG $(inherited)";
				SWIFT_OPTIMIZATION_LEVEL = "-Onone";
			};
			name = Debug;
		};
		0B9164082B0152A0005A7E10 /* Release */ = {
			isa = XCBuildConfiguration;
			buildSettings = {
				ALWAYS_SEARCH_USER_PATHS = NO;
				ASSETCATALOG_COMPILER_GENERATE_SWIFT_ASSET_SYMBOL_EXTENSIONS = YES;
				CLANG_ANALYZER_NONNULL = YES;
				CLANG_ANALYZER_NUMBER_OBJECT_CONVERSION = YES_AGGRESSIVE;
				CLANG_CXX_LANGUAGE_STANDARD = "gnu++20";
				CLANG_ENABLE_MODULES = YES;
				CLANG_ENABLE_OBJC_ARC = YES;
				CLANG_ENABLE_OBJC_WEAK = YES;
				CLANG_WARN_BLOCK_CAPTURE_AUTORELEASING = YES;
				CLANG_WARN_BOOL_CONVERSION = YES;
				CLANG_WARN_COMMA = YES;
				CLANG_WARN_CONSTANT_CONVERSION = YES;
				CLANG_WARN_DEPRECATED_OBJC_IMPLEMENTATIONS = YES;
				CLANG_WARN_DIRECT_OBJC_ISA_USAGE = YES_ERROR;
				CLANG_WARN_DOCUMENTATION_COMMENTS = YES;
				CLANG_WARN_EMPTY_BODY = YES;
				CLANG_WARN_ENUM_CONVERSION = YES;
				CLANG_WARN_INFINITE_RECURSION = YES;
				CLANG_WARN_INT_CONVERSION = YES;
				CLANG_WARN_NON_LITERAL_NULL_CONVERSION = YES;
				CLANG_WARN_OBJC_IMPLICIT_RETAIN_SELF = YES;
				CLANG_WARN_OBJC_LITERAL_CONVERSION = YES;
				CLANG_WARN_OBJC_ROOT_CLASS = YES_ERROR;
				CLANG_WARN_QUOTED_INCLUDE_IN_FRAMEWORK_HEADER = YES;
				CLANG_WARN_RANGE_LOOP_ANALYSIS = YES;
				CLANG_WARN_STRICT_PROTOTYPES = YES;
				CLANG_WARN_SUSPICIOUS_MOVE = YES;
				CLANG_WARN_UNGUARDED_AVAILABILITY = YES_AGGRESSIVE;
				CLANG_WARN_UNREACHABLE_CODE = YES;
				CLANG_WARN__DUPLICATE_METHOD_MATCH = YES;
				COPY_PHASE_STRIP = NO;
				DEBUG_INFORMATION_FORMAT = "dwarf-with-dsym";
				ENABLE_NS_ASSERTIONS = NO;
				ENABLE_STRICT_OBJC_MSGSEND = YES;
				ENABLE_USER_SCRIPT_SANDBOXING = YES;
				GCC_C_LANGUAGE_STANDARD = gnu17;
				GCC_NO_COMMON_BLOCKS = YES;
				GCC_WARN_64_TO_32_BIT_CONVERSION = YES;
				GCC_WARN_ABOUT_RETURN_TYPE = YES_ERROR;
				GCC_WARN_UNDECLARED_SELECTOR = YES;
				GCC_WARN_UNINITIALIZED_AUTOS = YES_AGGRESSIVE;
				GCC_WARN_UNUSED_FUNCTION = YES;
				GCC_WARN_UNUSED_VARIABLE = YES;
				IPHONEOS_DEPLOYMENT_TARGET = 17.0;
				LOCALIZATION_PREFERS_STRING_CATALOGS = YES;
				MTL_ENABLE_DEBUG_INFO = NO;
				MTL_FAST_MATH = YES;
				SDKROOT = iphoneos;
				SWIFT_COMPILATION_MODE = wholemodule;
				VALIDATE_PRODUCT = YES;
			};
			name = Release;
		};
		0B91640A2B0152A0005A7E10 /* Debug */ = {
			isa = XCBuildConfiguration;
			buildSettings = {
				ASSETCATALOG_COMPILER_APPICON_NAME = AppIcon;
				ASSETCATALOG_COMPILER_GLOBAL_ACCENT_COLOR_NAME = AccentColor;
				CODE_SIGN_STYLE = Automatic;
				CURRENT_PROJECT_VERSION = 1;
				GENERATE_INFOPLIST_FILE = YES;
				INFOPLIST_FILE = InspirationalQuotes/Info.plist;
				INFOPLIST_KEY_UIApplicationSupportsIndirectInputEvents = YES;
				INFOPLIST_KEY_UILaunchStoryboardName = LaunchScreen;
				INFOPLIST_KEY_UIMainStoryboardFile = Main;
				INFOPLIST_KEY_UISupportedInterfaceOrientations_iPad = "UIInterfaceOrientationPortrait UIInterfaceOrientationPortraitUpsideDown UIInterfaceOrientationLandscapeLeft UIInterfaceOrientationLandscapeRight";
				INFOPLIST_KEY_UISupportedInterfaceOrientations_iPhone = "UIInterfaceOrientationPortrait UIInterfaceOrientationLandscapeLeft UIInterfaceOrientationLandscapeRight";
				LD_RUNPATH_SEARCH_PATHS = (
					"$(inherited)",
					"@executable_path/Frameworks",
				);
				MARKETING_VERSION = 1.0;
				PRODUCT_BUNDLE_IDENTIFIER = DanielleQuaye.InspirationalQuotes;
				PRODUCT_NAME = "$(TARGET_NAME)";
				SWIFT_EMIT_LOC_STRINGS = YES;
				SWIFT_VERSION = 5.0;
				TARGETED_DEVICE_FAMILY = "1,2";
			};
			name = Debug;
		};
		0B91640B2B0152A0005A7E10 /* Release */ = {
			isa = XCBuildConfiguration;
			buildSettings = {
				ASSETCATALOG_COMPILER_APPICON_NAME = AppIcon;
				ASSETCATALOG_COMPILER_GLOBAL_ACCENT_COLOR_NAME = AccentColor;
				CODE_SIGN_STYLE = Automatic;
				CURRENT_PROJECT_VERSION = 1;
				GENERATE_INFOPLIST_FILE = YES;
				INFOPLIST_FILE = InspirationalQuotes/Info.plist;
				INFOPLIST_KEY_UIApplicationSupportsIndirectInputEvents = YES;
				INFOPLIST_KEY_UILaunchStoryboardName = LaunchScreen;
				INFOPLIST_KEY_UIMainStoryboardFile = Main;
				INFOPLIST_KEY_UISupportedInterfaceOrientations_iPad = "UIInterfaceOrientationPortrait UIInterfaceOrientationPortraitUpsideDown UIInterfaceOrientationLandscapeLeft UIInterfaceOrientationLandscapeRight";
				INFOPLIST_KEY_UISupportedInterfaceOrientations_iPhone = "UIInterfaceOrientationPortrait UIInterfaceOrientationLandscapeLeft UIInterfaceOrientationLandscapeRight";
				LD_RUNPATH_SEARCH_PATHS = (
					"$(inherited)",
					"@executable_path/Frameworks",
				);
				MARKETING_VERSION = 1.0;
				PRODUCT_BUNDLE_IDENTIFIER = DanielleQuaye.InspirationalQuotes;
				PRODUCT_NAME = "$(TARGET_NAME)";
				SWIFT_EMIT_LOC_STRINGS = YES;
				SWIFT_VERSION = 5.0;
				TARGETED_DEVICE_FAMILY = "1,2";
			};
			name = Release;
		};
/* End XCBuildConfiguration section */

/* Begin XCConfigurationList section */
		0B9163F02B01529E005A7E10 /* Build configuration list for PBXProject "InspirationalQuotes" */ = {
			isa = XCConfigurationList;
			buildConfigurations = (
				0B9164072B0152A0005A7E10 /* Debug */,
				0B9164082B0152A0005A7E10 /* Release */,
			);
			defaultConfigurationIsVisible = 0;
			defaultConfigurationName = Release;
		};
		0B9164092B0152A0005A7E10 /* Build configuration list for PBXNativeTarget "InspirationalQuotes" */ = {
			isa = XCConfigurationList;
			buildConfigurations = (
				0B91640A2B0152A0005A7E10 /* Debug */,
				0B91640B2B0152A0005A7E10 /* Release */,
			);
			defaultConfigurationIsVisible = 0;
			defaultConfigurationName = Release;
		};
/* End XCConfigurationList section */
	};
	rootObject = 0B9163ED2B01529E005A7E10 /* Project object */;
}
